
Microsoft Visual Studio Solution File, Format Version 12.00
# Visual Studio Version 17
VisualStudioVersion = 17.13.35818.85 d17.13
MinimumVisualStudioVersion = 10.0.40219.1
Project("{FAE04EC0-301F-11D3-BF4B-00C04F79EFBC}") = "ShhhNotes", "Jsoniledeneme\ShhhNotes.csproj", "{415861C8-9B9A-46C5-BA5F-5D5B3F411D8F}"
EndProject
Global
	GlobalSection(SolutionConfigurationPlatforms) = preSolution
		Debug|Any CPU = Debug|Any CPU
		Release|Any CPU = Release|Any CPU
	EndGlobalSection
	GlobalSection(ProjectConfigurationPlatforms) = postSolution
		{415861C8-9B9A-46C5-BA5F-5D5B3F411D8F}.Debug|Any CPU.ActiveCfg = Debug|Any CPU
		{415861C8-9B9A-46C5-BA5F-5D5B3F411D8F}.Debug|Any CPU.Build.0 = Debug|Any CPU
		{415861C8-9B9A-46C5-BA5F-5D5B3F411D8F}.Release|Any CPU.ActiveCfg = Release|Any CPU
		{415861C8-9B9A-46C5-BA5F-5D5B3F411D8F}.Release|Any CPU.Build.0 = Release|Any CPU
	EndGlobalSection
	GlobalSection(SolutionProperties) = preSolution
		HideSolutionNode = FALSE
	EndGlobalSection
	GlobalSection(ExtensibilityGlobals) = postSolution
		SolutionGuid = {978CC48B-BEDC-4C4F-96E2-8368C6777ECA}
	EndGlobalSection
EndGlobal
